
Microsoft Visual Studio Solution File, Format Version 12.00
# Visual Studio Version 17
VisualStudioVersion = 17.14.36327.8 d17.14
MinimumVisualStudioVersion = 10.0.40219.1
Project("{FAE04EC0-301F-11D3-BF4B-00C04F79EFBC}") = "Calculo_fatorial", "Calculo_fatorial\Calculo_fatorial.csproj", "{F2399ECE-82F0-4BF0-AA6F-B22B4073786E}"
EndProject
Global
	GlobalSection(SolutionConfigurationPlatforms) = preSolution
		Debug|Any CPU = Debug|Any CPU
		Release|Any CPU = Release|Any CPU
	EndGlobalSection
	GlobalSection(ProjectConfigurationPlatforms) = postSolution
		{F2399ECE-82F0-4BF0-AA6F-B22B4073786E}.Debug|Any CPU.ActiveCfg = Debug|Any CPU
		{F2399ECE-82F0-4BF0-AA6F-B22B4073786E}.Debug|Any CPU.Build.0 = Debug|Any CPU
		{F2399ECE-82F0-4BF0-AA6F-B22B4073786E}.Release|Any CPU.ActiveCfg = Release|Any CPU
		{F2399ECE-82F0-4BF0-AA6F-B22B4073786E}.Release|Any CPU.Build.0 = Release|Any CPU
	EndGlobalSection
	GlobalSection(SolutionProperties) = preSolution
		HideSolutionNode = FALSE
	EndGlobalSection
	GlobalSection(ExtensibilityGlobals) = postSolution
		SolutionGuid = {0E01CD9D-EB80-4A5D-A574-5BECEF454BE2}
	EndGlobalSection
EndGlobal
