
Microsoft Visual Studio Solution File, Format Version 12.00
# Visual Studio Version 17
VisualStudioVersion = 17.14.36327.8 d17.14
MinimumVisualStudioVersion = 10.0.40219.1
Project("{FAE04EC0-301F-11D3-BF4B-00C04F79EFBC}") = "Contagem_regressiva", "Contagem_regressiva\Contagem_regressiva.csproj", "{7DFCDC2D-A379-4718-9C35-843104EA8435}"
EndProject
Global
	GlobalSection(SolutionConfigurationPlatforms) = preSolution
		Debug|Any CPU = Debug|Any CPU
		Release|Any CPU = Release|Any CPU
	EndGlobalSection
	GlobalSection(ProjectConfigurationPlatforms) = postSolution
		{7DFCDC2D-A379-4718-9C35-843104EA8435}.Debug|Any CPU.ActiveCfg = Debug|Any CPU
		{7DFCDC2D-A379-4718-9C35-843104EA8435}.Debug|Any CPU.Build.0 = Debug|Any CPU
		{7DFCDC2D-A379-4718-9C35-843104EA8435}.Release|Any CPU.ActiveCfg = Release|Any CPU
		{7DFCDC2D-A379-4718-9C35-843104EA8435}.Release|Any CPU.Build.0 = Release|Any CPU
	EndGlobalSection
	GlobalSection(SolutionProperties) = preSolution
		HideSolutionNode = FALSE
	EndGlobalSection
	GlobalSection(ExtensibilityGlobals) = postSolution
		SolutionGuid = {180178C8-3C8B-496C-97C0-1C5A8369282B}
	EndGlobalSection
EndGlobal
